
Microsoft Visual Studio Solution File, Format Version 12.00
# Visual Studio Version 17
VisualStudioVersion = 17.14.36705.20 d17.14
MinimumVisualStudioVersion = 10.0.40219.1
Project("{FAE04EC0-301F-11D3-BF4B-00C04F79EFBC}") = "MyClass", "MyClass.csproj", "{469E99E0-7688-4A24-8869-6C343534D4F0}"
EndProject
Global
	GlobalSection(SolutionConfigurationPlatforms) = preSolution
		Debug|Any CPU = Debug|Any CPU
		Release|Any CPU = Release|Any CPU
	EndGlobalSection
	GlobalSection(ProjectConfigurationPlatforms) = postSolution
		{469E99E0-7688-4A24-8869-6C343534D4F0}.Debug|Any CPU.ActiveCfg = Debug|Any CPU
		{469E99E0-7688-4A24-8869-6C343534D4F0}.Debug|Any CPU.Build.0 = Debug|Any CPU
		{469E99E0-7688-4A24-8869-6C343534D4F0}.Release|Any CPU.ActiveCfg = Release|Any CPU
		{469E99E0-7688-4A24-8869-6C343534D4F0}.Release|Any CPU.Build.0 = Release|Any CPU
	EndGlobalSection
	GlobalSection(SolutionProperties) = preSolution
		HideSolutionNode = FALSE
	EndGlobalSection
	GlobalSection(ExtensibilityGlobals) = postSolution
		SolutionGuid = {67AD3606-C99D-498A-8BBA-A8CD55086700}
	EndGlobalSection
EndGlobal
